
Microsoft Visual Studio Solution File, Format Version 12.00
# Visual Studio Version 16
VisualStudioVersion = 16.0.31911.196
MinimumVisualStudioVersion = 10.0.40219.1
Project("{FAE04EC0-301F-11D3-BF4B-00C04F79EFBC}") = "shocolate", "shocolate\shocolate.csproj", "{A31FABE3-D35E-4DF8-8C30-B5721990456B}"
EndProject
Global
	GlobalSection(SolutionConfigurationPlatforms) = preSolution
		Debug|Any CPU = Debug|Any CPU
		Release|Any CPU = Release|Any CPU
	EndGlobalSection
	GlobalSection(ProjectConfigurationPlatforms) = postSolution
		{A31FABE3-D35E-4DF8-8C30-B5721990456B}.Debug|Any CPU.ActiveCfg = Debug|Any CPU
		{A31FABE3-D35E-4DF8-8C30-B5721990456B}.Debug|Any CPU.Build.0 = Debug|Any CPU
		{A31FABE3-D35E-4DF8-8C30-B5721990456B}.Release|Any CPU.ActiveCfg = Release|Any CPU
		{A31FABE3-D35E-4DF8-8C30-B5721990456B}.Release|Any CPU.Build.0 = Release|Any CPU
	EndGlobalSection
	GlobalSection(SolutionProperties) = preSolution
		HideSolutionNode = FALSE
	EndGlobalSection
	GlobalSection(ExtensibilityGlobals) = postSolution
		SolutionGuid = {6E33662C-52AD-4627-9F94-34CCA015D39E}
	EndGlobalSection
EndGlobal
